
Microsoft Visual Studio Solution File, Format Version 12.00
# Visual Studio Version 17
VisualStudioVersion = 17.10.34928.147
MinimumVisualStudioVersion = 10.0.40219.1
Project("{9A19103F-16F7-4668-BE54-9A1E7A4F7556}") = "Abstracciones", "Abstracciones\Abstracciones.csproj", "{61CE233B-F1D5-4649-A0E5-280431CDDC3A}"
EndProject
Project("{9A19103F-16F7-4668-BE54-9A1E7A4F7556}") = "DA", "DA\DA.csproj", "{3995D292-F479-4380-BE2F-D13BD312485C}"
EndProject
Project("{9A19103F-16F7-4668-BE54-9A1E7A4F7556}") = "Flujo", "Flujo\Flujo.csproj", "{4CA1DA15-7EAF-4262-B13A-AB3774A35E85}"
EndProject
Project("{9A19103F-16F7-4668-BE54-9A1E7A4F7556}") = "Reglas", "Reglas\Reglas.csproj", "{60B0573D-73CE-4274-A7C6-2C66FA8CDCF1}"
EndProject
Project("{9A19103F-16F7-4668-BE54-9A1E7A4F7556}") = "Servicios", "Servicios\Servicios.csproj", "{A18F2C45-30F0-4AFA-B721-30513AF8C0F2}"
EndProject
Project("{9A19103F-16F7-4668-BE54-9A1E7A4F7556}") = "API", "API\API.csproj", "{3C9A63DE-11F5-4838-AAA3-8B41FF4EC5CD}"
EndProject
Project("{FAE04EC0-301F-11D3-BF4B-00C04F79EFBC}") = "PeliculasWeb", "PeliculasWeb\PeliculasWeb.csproj", "{792EC7C7-763F-4493-9B2A-A852EEAF8E0B}"
EndProject
Global
	GlobalSection(SolutionConfigurationPlatforms) = preSolution
		Debug|Any CPU = Debug|Any CPU
		Release|Any CPU = Release|Any CPU
	EndGlobalSection
	GlobalSection(ProjectConfigurationPlatforms) = postSolution
		{61CE233B-F1D5-4649-A0E5-280431CDDC3A}.Debug|Any CPU.ActiveCfg = Debug|Any CPU
		{61CE233B-F1D5-4649-A0E5-280431CDDC3A}.Debug|Any CPU.Build.0 = Debug|Any CPU
		{61CE233B-F1D5-4649-A0E5-280431CDDC3A}.Release|Any CPU.ActiveCfg = Release|Any CPU
		{61CE233B-F1D5-4649-A0E5-280431CDDC3A}.Release|Any CPU.Build.0 = Release|Any CPU
		{3995D292-F479-4380-BE2F-D13BD312485C}.Debug|Any CPU.ActiveCfg = Debug|Any CPU
		{3995D292-F479-4380-BE2F-D13BD312485C}.Debug|Any CPU.Build.0 = Debug|Any CPU
		{3995D292-F479-4380-BE2F-D13BD312485C}.Release|Any CPU.ActiveCfg = Release|Any CPU
		{3995D292-F479-4380-BE2F-D13BD312485C}.Release|Any CPU.Build.0 = Release|Any CPU
		{4CA1DA15-7EAF-4262-B13A-AB3774A35E85}.Debug|Any CPU.ActiveCfg = Debug|Any CPU
		{4CA1DA15-7EAF-4262-B13A-AB3774A35E85}.Debug|Any CPU.Build.0 = Debug|Any CPU
		{4CA1DA15-7EAF-4262-B13A-AB3774A35E85}.Release|Any CPU.ActiveCfg = Release|Any CPU
		{4CA1DA15-7EAF-4262-B13A-AB3774A35E85}.Release|Any CPU.Build.0 = Release|Any CPU
		{60B0573D-73CE-4274-A7C6-2C66FA8CDCF1}.Debug|Any CPU.ActiveCfg = Debug|Any CPU
		{60B0573D-73CE-4274-A7C6-2C66FA8CDCF1}.Debug|Any CPU.Build.0 = Debug|Any CPU
		{60B0573D-73CE-4274-A7C6-2C66FA8CDCF1}.Release|Any CPU.ActiveCfg = Release|Any CPU
		{60B0573D-73CE-4274-A7C6-2C66FA8CDCF1}.Release|Any CPU.Build.0 = Release|Any CPU
		{A18F2C45-30F0-4AFA-B721-30513AF8C0F2}.Debug|Any CPU.ActiveCfg = Debug|Any CPU
		{A18F2C45-30F0-4AFA-B721-30513AF8C0F2}.Debug|Any CPU.Build.0 = Debug|Any CPU
		{A18F2C45-30F0-4AFA-B721-30513AF8C0F2}.Release|Any CPU.ActiveCfg = Release|Any CPU
		{A18F2C45-30F0-4AFA-B721-30513AF8C0F2}.Release|Any CPU.Build.0 = Release|Any CPU
		{3C9A63DE-11F5-4838-AAA3-8B41FF4EC5CD}.Debug|Any CPU.ActiveCfg = Debug|Any CPU
		{3C9A63DE-11F5-4838-AAA3-8B41FF4EC5CD}.Debug|Any CPU.Build.0 = Debug|Any CPU
		{3C9A63DE-11F5-4838-AAA3-8B41FF4EC5CD}.Release|Any CPU.ActiveCfg = Release|Any CPU
		{3C9A63DE-11F5-4838-AAA3-8B41FF4EC5CD}.Release|Any CPU.Build.0 = Release|Any CPU
		{792EC7C7-763F-4493-9B2A-A852EEAF8E0B}.Debug|Any CPU.ActiveCfg = Debug|Any CPU
		{792EC7C7-763F-4493-9B2A-A852EEAF8E0B}.Debug|Any CPU.Build.0 = Debug|Any CPU
		{792EC7C7-763F-4493-9B2A-A852EEAF8E0B}.Release|Any CPU.ActiveCfg = Release|Any CPU
		{792EC7C7-763F-4493-9B2A-A852EEAF8E0B}.Release|Any CPU.Build.0 = Release|Any CPU
	EndGlobalSection
	GlobalSection(SolutionProperties) = preSolution
		HideSolutionNode = FALSE
	EndGlobalSection
	GlobalSection(ExtensibilityGlobals) = postSolution
		SolutionGuid = {188FC912-FECC-45B0-B917-EFD732EAA913}
	EndGlobalSection
EndGlobal
